
Microsoft Visual Studio Solution File, Format Version 12.00
# Visual Studio 15
VisualStudioVersion = 15.0.27130.2036
MinimumVisualStudioVersion = 10.0.40219.1
Project("{FAE04EC0-301F-11D3-BF4B-00C04F79EFBC}") = "AUV-GCS", "AUV-GCS\AUV-GCS.csproj", "{D6A763C3-524A-4EBC-B157-B35FF3C83F68}"
EndProject
Global
	GlobalSection(SolutionConfigurationPlatforms) = preSolution
		Debug|Any CPU = Debug|Any CPU
		Release|Any CPU = Release|Any CPU
	EndGlobalSection
	GlobalSection(ProjectConfigurationPlatforms) = postSolution
		{D6A763C3-524A-4EBC-B157-B35FF3C83F68}.Debug|Any CPU.ActiveCfg = Debug|Any CPU
		{D6A763C3-524A-4EBC-B157-B35FF3C83F68}.Debug|Any CPU.Build.0 = Debug|Any CPU
		{D6A763C3-524A-4EBC-B157-B35FF3C83F68}.Release|Any CPU.ActiveCfg = Release|Any CPU
		{D6A763C3-524A-4EBC-B157-B35FF3C83F68}.Release|Any CPU.Build.0 = Release|Any CPU
	EndGlobalSection
	GlobalSection(SolutionProperties) = preSolution
		HideSolutionNode = FALSE
	EndGlobalSection
	GlobalSection(ExtensibilityGlobals) = postSolution
		SolutionGuid = {DD10C7F1-768D-419B-AF8D-27773283F9D4}
	EndGlobalSection
EndGlobal
